
Microsoft Visual Studio Solution File, Format Version 12.00
# Visual Studio 15
VisualStudioVersion = 15.0.28010.2050
MinimumVisualStudioVersion = 10.0.40219.1
Project("{FAE04EC0-301F-11D3-BF4B-00C04F79EFBC}") = "Personkartotek", "Personkartotek\Personkartotek.csproj", "{C6F31D24-8B12-42BA-A1C6-5042F024683F}"
EndProject
Global
	GlobalSection(SolutionConfigurationPlatforms) = preSolution
		Debug|Any CPU = Debug|Any CPU
		Release|Any CPU = Release|Any CPU
	EndGlobalSection
	GlobalSection(ProjectConfigurationPlatforms) = postSolution
		{C6F31D24-8B12-42BA-A1C6-5042F024683F}.Debug|Any CPU.ActiveCfg = Debug|Any CPU
		{C6F31D24-8B12-42BA-A1C6-5042F024683F}.Debug|Any CPU.Build.0 = Debug|Any CPU
		{C6F31D24-8B12-42BA-A1C6-5042F024683F}.Release|Any CPU.ActiveCfg = Release|Any CPU
		{C6F31D24-8B12-42BA-A1C6-5042F024683F}.Release|Any CPU.Build.0 = Release|Any CPU
	EndGlobalSection
	GlobalSection(SolutionProperties) = preSolution
		HideSolutionNode = FALSE
	EndGlobalSection
	GlobalSection(ExtensibilityGlobals) = postSolution
		SolutionGuid = {C113F68B-0CB8-4C79-837D-8320FE76B235}
	EndGlobalSection
EndGlobal
